{
  "version": 4,
  "terraform_version": "1.5.7",
  "serial": 45,
  "lineage": "9fcb4b65-1158-4a55-065d-39662ad42327",
  "outputs": {
    "db_details": {
      "value": {
        "cappdb": {
          "endpoint": "capp-db.cmn32gpdtr3y.ap-southeast-1.rds.amazonaws.com",
          "password": "password",
          "port": 3306,
          "username": "cappmasteruser"
        }
      },
      "type": [
        "object",
        {
          "cappdb": [
            "object",
            {
              "endpoint": "string",
              "password": "string",
              "port": "number",
              "username": "string"
            }
          ]
        }
      ],
      "sensitive": true
    }
  },
  "resources": [
    {
      "mode": "data",
      "type": "terraform_remote_state",
      "name": "networking",
      "provider": "provider[\"terraform.io/builtin/terraform\"]",
      "instances": [
        {
          "schema_version": 0,
          "attributes": {
            "backend": "local",
            "config": {
              "value": {
                "path": "../2-networking/terraform.tfstate"
              },
              "type": [
                "object",
                {
                  "path": "string"
                }
              ]
            },
            "defaults": null,
            "outputs": {
              "value": {
                "security_group_ids": {
                  "sgrp-capp-bhost": "sg-036ff3126d4c1b596",
                  "sgrp-capp-db": "sg-0752288b9b4716223",
                  "sgrp-capp-ssm-vpce": "sg-01fc97a7482fded03"
                },
                "subnet_ids": {
                  "capp-app-subnet-01": "subnet-0fe80742f52c3503f",
                  "capp-app-subnet-02": "subnet-0c525ad3b73e9c47c",
                  "capp-data-subnet-01": "subnet-02f53110aaf44c28a",
                  "capp-data-subnet-02": "subnet-025696d9e849ea998",
                  "capp-web-subnet-01": "subnet-01b9571febab4e27f",
                  "capp-web-subnet-02": "subnet-062a7600e4201a0e8"
                }
              },
              "type": [
                "object",
                {
                  "security_group_ids": [
                    "object",
                    {
                      "sgrp-capp-bhost": "string",
                      "sgrp-capp-db": "string",
                      "sgrp-capp-ssm-vpce": "string"
                    }
                  ],
                  "subnet_ids": [
                    "object",
                    {
                      "capp-app-subnet-01": "string",
                      "capp-app-subnet-02": "string",
                      "capp-data-subnet-01": "string",
                      "capp-data-subnet-02": "string",
                      "capp-web-subnet-01": "string",
                      "capp-web-subnet-02": "string"
                    }
                  ]
                }
              ]
            },
            "workspace": null
          },
          "sensitive_attributes": []
        }
      ]
    },
    {
      "mode": "data",
      "type": "terraform_remote_state",
      "name": "security",
      "provider": "provider[\"terraform.io/builtin/terraform\"]",
      "instances": [
        {
          "schema_version": 0,
          "attributes": {
            "backend": "local",
            "config": {
              "value": {
                "path": "../1-security/terraform.tfstate"
              },
              "type": [
                "object",
                {
                  "path": "string"
                }
              ]
            },
            "defaults": null,
            "outputs": {
              "value": {
                "iam_instance_profile_arns": {
                  "bhost-cpp-iam-prof": "arn:aws:iam::789382984861:instance-profile/bhost-cpp-iam-prof"
                },
                "iam_instance_profile_names": {
                  "capp-ssm-role": "bhost-cpp-iam-prof"
                },
                "iam_role_arns": {
                  "capp-ssm-role": "arn:aws:iam::789382984861:role/capp-ssm-role"
                },
                "iam_role_names": {
                  "capp-ssm-role": "arn:aws:iam::789382984861:instance-profile/bhost-cpp-iam-prof"
                }
              },
              "type": [
                "object",
                {
                  "iam_instance_profile_arns": [
                    "object",
                    {
                      "bhost-cpp-iam-prof": "string"
                    }
                  ],
                  "iam_instance_profile_names": [
                    "object",
                    {
                      "capp-ssm-role": "string"
                    }
                  ],
                  "iam_role_arns": [
                    "object",
                    {
                      "capp-ssm-role": "string"
                    }
                  ],
                  "iam_role_names": [
                    "object",
                    {
                      "capp-ssm-role": "string"
                    }
                  ]
                }
              ]
            },
            "workspace": null
          },
          "sensitive_attributes": []
        }
      ]
    },
    {
      "module": "module.db_instance[\"cappdb\"]",
      "mode": "managed",
      "type": "aws_db_instance",
      "name": "db_instance",
      "provider": "provider[\"registry.terraform.io/hashicorp/aws\"]",
      "instances": [
        {
          "schema_version": 1,
          "attributes": {
            "address": "capp-db.cmn32gpdtr3y.ap-southeast-1.rds.amazonaws.com",
            "allocated_storage": 10,
            "allow_major_version_upgrade": null,
            "apply_immediately": null,
            "arn": "arn:aws:rds:ap-southeast-1:789382984861:db:capp-db",
            "auto_minor_version_upgrade": true,
            "availability_zone": "ap-southeast-1a",
            "backup_retention_period": 0,
            "backup_window": "19:34-20:04",
            "ca_cert_identifier": "rds-ca-rsa2048-g1",
            "character_set_name": "",
            "copy_tags_to_snapshot": false,
            "customer_owned_ip_enabled": false,
            "db_name": "cappdb",
            "db_subnet_group_name": "terraform-20240311072504813100000001",
            "delete_automated_backups": true,
            "deletion_protection": false,
            "domain": "",
            "domain_iam_role_name": "",
            "enabled_cloudwatch_logs_exports": null,
            "endpoint": "capp-db.cmn32gpdtr3y.ap-southeast-1.rds.amazonaws.com:3306",
            "engine": "mysql",
            "engine_version": "8.0.35",
            "engine_version_actual": "8.0.35",
            "final_snapshot_identifier": null,
            "hosted_zone_id": "Z2G0U3KFCY8NZ5",
            "iam_database_authentication_enabled": false,
            "id": "capp-db",
            "identifier": "capp-db",
            "identifier_prefix": "",
            "instance_class": "db.t3.micro",
            "iops": 0,
            "kms_key_id": "",
            "latest_restorable_time": "0001-01-01T00:00:00Z",
            "license_model": "general-public-license",
            "maintenance_window": "sun:15:31-sun:16:01",
            "max_allocated_storage": 0,
            "monitoring_interval": 0,
            "monitoring_role_arn": "",
            "multi_az": false,
            "name": "cappdb",
            "nchar_character_set_name": "",
            "option_group_name": "default:mysql-8-0",
            "parameter_group_name": "default.mysql8.0",
            "password": "password",
            "performance_insights_enabled": false,
            "performance_insights_kms_key_id": "",
            "performance_insights_retention_period": 0,
            "port": 3306,
            "publicly_accessible": false,
            "replica_mode": "",
            "replicas": [],
            "replicate_source_db": "",
            "resource_id": "db-OHR2YNGNWFOVZ7GAHP2KZZDM24",
            "restore_to_point_in_time": [],
            "s3_import": [],
            "security_group_names": null,
            "skip_final_snapshot": true,
            "snapshot_identifier": null,
            "status": "available",
            "storage_encrypted": false,
            "storage_type": "gp2",
            "tags": null,
            "tags_all": {},
            "timeouts": null,
            "timezone": "",
            "username": "cappmasteruser",
            "vpc_security_group_ids": [
              "sg-0752288b9b4716223"
            ]
          },
          "sensitive_attributes": [],
          "private": "eyJlMmJmYjczMC1lY2FhLTExZTYtOGY4OC0zNDM2M2JjN2M0YzAiOnsiY3JlYXRlIjoyNDAwMDAwMDAwMDAwLCJkZWxldGUiOjM2MDAwMDAwMDAwMDAsInVwZGF0ZSI6NDgwMDAwMDAwMDAwMH0sInNjaGVtYV92ZXJzaW9uIjoiMSJ9",
          "dependencies": [
            "data.terraform_remote_state.networking",
            "module.db_instance.aws_db_subnet_group.db_subnet_group"
          ]
        }
      ]
    },
    {
      "module": "module.db_instance[\"cappdb\"]",
      "mode": "managed",
      "type": "aws_db_subnet_group",
      "name": "db_subnet_group",
      "provider": "provider[\"registry.terraform.io/hashicorp/aws\"]",
      "instances": [
        {
          "schema_version": 0,
          "attributes": {
            "arn": "arn:aws:rds:ap-southeast-1:789382984861:subgrp:terraform-20240311072504813100000001",
            "description": "Managed by Terraform",
            "id": "terraform-20240311072504813100000001",
            "name": "terraform-20240311072504813100000001",
            "name_prefix": null,
            "subnet_ids": [
              "subnet-025696d9e849ea998",
              "subnet-02f53110aaf44c28a"
            ],
            "tags": null,
            "tags_all": {}
          },
          "sensitive_attributes": [],
          "private": "bnVsbA==",
          "dependencies": [
            "data.terraform_remote_state.networking"
          ]
        }
      ]
    }
  ],
  "check_results": null
}
