{
  "version": 4,
  "terraform_version": "1.5.7",
  "serial": 120,
  "lineage": "ff071853-9c92-687d-658d-102154c9641d",
  "outputs": {},
  "resources": [
    {
      "mode": "data",
      "type": "terraform_remote_state",
      "name": "networking",
      "provider": "provider[\"terraform.io/builtin/terraform\"]",
      "instances": [
        {
          "schema_version": 0,
          "attributes": {
            "backend": "local",
            "config": {
              "value": {
                "path": "../2-networking/terraform.tfstate"
              },
              "type": [
                "object",
                {
                  "path": "string"
                }
              ]
            },
            "defaults": null,
            "outputs": {
              "value": {
                "security_group_ids": {
                  "sgrp-capp-bhost": "sg-036ff3126d4c1b596",
                  "sgrp-capp-db": "sg-0752288b9b4716223",
                  "sgrp-capp-ssm-vpce": "sg-01fc97a7482fded03"
                },
                "subnet_ids": {
                  "capp-app-subnet-01": "subnet-0fe80742f52c3503f",
                  "capp-app-subnet-02": "subnet-0c525ad3b73e9c47c",
                  "capp-data-subnet-01": "subnet-02f53110aaf44c28a",
                  "capp-data-subnet-02": "subnet-025696d9e849ea998",
                  "capp-web-subnet-01": "subnet-01b9571febab4e27f",
                  "capp-web-subnet-02": "subnet-062a7600e4201a0e8"
                }
              },
              "type": [
                "object",
                {
                  "security_group_ids": [
                    "object",
                    {
                      "sgrp-capp-bhost": "string",
                      "sgrp-capp-db": "string",
                      "sgrp-capp-ssm-vpce": "string"
                    }
                  ],
                  "subnet_ids": [
                    "object",
                    {
                      "capp-app-subnet-01": "string",
                      "capp-app-subnet-02": "string",
                      "capp-data-subnet-01": "string",
                      "capp-data-subnet-02": "string",
                      "capp-web-subnet-01": "string",
                      "capp-web-subnet-02": "string"
                    }
                  ]
                }
              ]
            },
            "workspace": null
          },
          "sensitive_attributes": []
        }
      ]
    },
    {
      "mode": "data",
      "type": "terraform_remote_state",
      "name": "security",
      "provider": "provider[\"terraform.io/builtin/terraform\"]",
      "instances": [
        {
          "schema_version": 0,
          "attributes": {
            "backend": "local",
            "config": {
              "value": {
                "path": "../1-security/terraform.tfstate"
              },
              "type": [
                "object",
                {
                  "path": "string"
                }
              ]
            },
            "defaults": null,
            "outputs": {
              "value": {
                "iam_instance_profile_arns": {
                  "bhost-cpp-iam-prof": "arn:aws:iam::789382984861:instance-profile/bhost-cpp-iam-prof"
                },
                "iam_instance_profile_names": {
                  "capp-ssm-role": "bhost-cpp-iam-prof"
                },
                "iam_role_arns": {
                  "capp-ssm-role": "arn:aws:iam::789382984861:role/capp-ssm-role"
                },
                "iam_role_names": {
                  "capp-ssm-role": "arn:aws:iam::789382984861:instance-profile/bhost-cpp-iam-prof"
                }
              },
              "type": [
                "object",
                {
                  "iam_instance_profile_arns": [
                    "object",
                    {
                      "bhost-cpp-iam-prof": "string"
                    }
                  ],
                  "iam_instance_profile_names": [
                    "object",
                    {
                      "capp-ssm-role": "string"
                    }
                  ],
                  "iam_role_arns": [
                    "object",
                    {
                      "capp-ssm-role": "string"
                    }
                  ],
                  "iam_role_names": [
                    "object",
                    {
                      "capp-ssm-role": "string"
                    }
                  ]
                }
              ]
            },
            "workspace": null
          },
          "sensitive_attributes": []
        }
      ]
    },
    {
      "module": "module.ec2[\"bhost\"]",
      "mode": "managed",
      "type": "aws_instance",
      "name": "myapp-ec2",
      "provider": "provider[\"registry.terraform.io/hashicorp/aws\"]",
      "instances": [
        {
          "schema_version": 1,
          "attributes": {
            "ami": "ami-07a6e3b1c102cdba8",
            "arn": "arn:aws:ec2:ap-southeast-1:789382984861:instance/i-09719577e9cb2961c",
            "associate_public_ip_address": false,
            "availability_zone": "ap-southeast-1a",
            "capacity_reservation_specification": [
              {
                "capacity_reservation_preference": "open",
                "capacity_reservation_target": []
              }
            ],
            "cpu_core_count": 1,
            "cpu_threads_per_core": 1,
            "credit_specification": [
              {
                "cpu_credits": "standard"
              }
            ],
            "disable_api_termination": false,
            "ebs_block_device": [],
            "ebs_optimized": false,
            "enclave_options": [
              {
                "enabled": false
              }
            ],
            "ephemeral_block_device": [],
            "get_password_data": false,
            "hibernation": false,
            "host_id": null,
            "iam_instance_profile": "bhost-cpp-iam-prof",
            "id": "i-09719577e9cb2961c",
            "instance_initiated_shutdown_behavior": "stop",
            "instance_state": "running",
            "instance_type": "t2.micro",
            "ipv6_address_count": 0,
            "ipv6_addresses": [],
            "key_name": "",
            "launch_template": [],
            "metadata_options": [
              {
                "http_endpoint": "enabled",
                "http_put_response_hop_limit": 2,
                "http_tokens": "required",
                "instance_metadata_tags": "disabled"
              }
            ],
            "monitoring": false,
            "network_interface": [],
            "outpost_arn": "",
            "password_data": "",
            "placement_group": "",
            "placement_partition_number": null,
            "primary_network_interface_id": "eni-0af7c32334ced6972",
            "private_dns": "ip-10-0-0-13.ap-southeast-1.compute.internal",
            "private_ip": "10.0.0.13",
            "public_dns": "",
            "public_ip": "",
            "root_block_device": [
              {
                "delete_on_termination": true,
                "device_name": "/dev/xvda",
                "encrypted": false,
                "iops": 3000,
                "kms_key_id": "",
                "tags": {},
                "throughput": 125,
                "volume_id": "vol-04f592ef1fc07ccde",
                "volume_size": 8,
                "volume_type": "gp3"
              }
            ],
            "secondary_private_ips": [],
            "security_groups": [],
            "source_dest_check": true,
            "subnet_id": "subnet-01b9571febab4e27f",
            "tags": null,
            "tags_all": {},
            "tenancy": "default",
            "timeouts": null,
            "user_data": "f9682dcf9c876a5929facacedccc034e5b80e1cf",
            "user_data_base64": null,
            "volume_tags": null,
            "vpc_security_group_ids": [
              "sg-036ff3126d4c1b596"
            ]
          },
          "sensitive_attributes": [],
          "private": "eyJlMmJmYjczMC1lY2FhLTExZTYtOGY4OC0zNDM2M2JjN2M0YzAiOnsiY3JlYXRlIjo2MDAwMDAwMDAwMDAsImRlbGV0ZSI6MTIwMDAwMDAwMDAwMCwidXBkYXRlIjo2MDAwMDAwMDAwMDB9LCJzY2hlbWFfdmVyc2lvbiI6IjEifQ==",
          "dependencies": [
            "data.terraform_remote_state.networking"
          ]
        }
      ]
    }
  ],
  "check_results": null
}
