{
  "version": 4,
  "terraform_version": "1.5.7",
  "serial": 89,
  "lineage": "947a222b-cee4-36f1-760e-5fd0b8e667fe",
  "outputs": {
    "iam_instance_profile_arns": {
      "value": {
        "bhost-cpp-iam-prof": "arn:aws:iam::789382984861:instance-profile/bhost-cpp-iam-prof"
      },
      "type": [
        "object",
        {
          "bhost-cpp-iam-prof": "string"
        }
      ]
    },
    "iam_instance_profile_names": {
      "value": {
        "capp-ssm-role": "bhost-cpp-iam-prof"
      },
      "type": [
        "object",
        {
          "capp-ssm-role": "string"
        }
      ]
    },
    "iam_role_arns": {
      "value": {
        "capp-ssm-role": "arn:aws:iam::789382984861:role/capp-ssm-role"
      },
      "type": [
        "object",
        {
          "capp-ssm-role": "string"
        }
      ]
    },
    "iam_role_names": {
      "value": {
        "capp-ssm-role": "arn:aws:iam::789382984861:instance-profile/bhost-cpp-iam-prof"
      },
      "type": [
        "object",
        {
          "capp-ssm-role": "string"
        }
      ]
    }
  },
  "resources": [
    {
      "mode": "managed",
      "type": "aws_iam_policy",
      "name": "iam_policy",
      "provider": "provider[\"registry.terraform.io/hashicorp/aws\"]",
      "instances": [
        {
          "index_key": "iampoli-capp-gets3object",
          "schema_version": 0,
          "attributes": {
            "arn": "arn:aws:iam::789382984861:policy/iampoli-capp-gets3object",
            "description": "get object from s3",
            "id": "arn:aws:iam::789382984861:policy/iampoli-capp-gets3object",
            "name": "iampoli-capp-gets3object",
            "name_prefix": null,
            "path": "/",
            "policy": "{\"Statement\":[{\"Action\":[\"s3:GetObject\",\"s3:ListBucket\"],\"Effect\":\"Allow\",\"Resource\":\"*\",\"Sid\":\"VisualEditor0\"}],\"Version\":\"2012-10-17\"}",
            "policy_id": "ANPA3PSXEOSOXG5HF4QYJ",
            "tags": null,
            "tags_all": {}
          },
          "sensitive_attributes": [],
          "private": "bnVsbA=="
        },
        {
          "index_key": "iampoli-capp-ssm",
          "schema_version": 0,
          "attributes": {
            "arn": "arn:aws:iam::789382984861:policy/iampoli-capp-ssm",
            "description": " ssm access",
            "id": "arn:aws:iam::789382984861:policy/iampoli-capp-ssm",
            "name": "iampoli-capp-ssm",
            "name_prefix": null,
            "path": "/",
            "policy": "{\"Statement\":[{\"Action\":[\"ssm:DescribeAssociation\",\"ssm:GetDeployablePatchSnapshotForInstance\",\"ssm:GetDocument\",\"ssm:DescribeDocument\",\"ssm:GetManifest\",\"ssm:GetParameter\",\"ssm:GetParameters\",\"ssm:ListAssociations\",\"ssm:ListInstanceAssociations\",\"ssm:PutInventory\",\"ssm:PutComplianceItems\",\"ssm:PutConfigurePackageResult\",\"ssm:UpdateAssociationStatus\",\"ssm:UpdateInstanceAssociationStatus\",\"ssm:UpdateInstanceInformation\"],\"Effect\":\"Allow\",\"Resource\":\"*\"},{\"Action\":[\"ssmmessages:CreateControlChannel\",\"ssmmessages:CreateDataChannel\",\"ssmmessages:OpenControlChannel\",\"ssmmessages:OpenDataChannel\"],\"Effect\":\"Allow\",\"Resource\":\"*\"},{\"Action\":[\"ec2messages:AcknowledgeMessage\",\"ec2messages:DeleteMessage\",\"ec2messages:FailMessage\",\"ec2messages:GetEndpoint\",\"ec2messages:GetMessages\",\"ec2messages:SendReply\"],\"Effect\":\"Allow\",\"Resource\":\"*\"}],\"Version\":\"2012-10-17\"}",
            "policy_id": "ANPA3PSXEOSOYX237QNUO",
            "tags": null,
            "tags_all": {}
          },
          "sensitive_attributes": [],
          "private": "bnVsbA=="
        }
      ]
    },
    {
      "module": "module.iam_role[\"capp-ssm-role\"]",
      "mode": "managed",
      "type": "aws_iam_instance_profile",
      "name": "iam_instance_profile",
      "provider": "provider[\"registry.terraform.io/hashicorp/aws\"]",
      "instances": [
        {
          "index_key": 0,
          "schema_version": 0,
          "attributes": {
            "arn": "arn:aws:iam::789382984861:instance-profile/bhost-cpp-iam-prof",
            "create_date": "2024-03-11T07:22:45Z",
            "id": "bhost-cpp-iam-prof",
            "name": "bhost-cpp-iam-prof",
            "name_prefix": null,
            "path": "/",
            "role": "capp-ssm-role",
            "tags": null,
            "tags_all": {},
            "unique_id": "AIPA3PSXEOSO7TTZLUZXW"
          },
          "sensitive_attributes": [],
          "private": "bnVsbA==",
          "dependencies": [
            "aws_iam_policy.iam_policy",
            "module.iam_role.aws_iam_role.iam_role"
          ]
        }
      ]
    },
    {
      "module": "module.iam_role[\"capp-ssm-role\"]",
      "mode": "managed",
      "type": "aws_iam_role",
      "name": "iam_role",
      "provider": "provider[\"registry.terraform.io/hashicorp/aws\"]",
      "instances": [
        {
          "schema_version": 0,
          "attributes": {
            "arn": "arn:aws:iam::789382984861:role/capp-ssm-role",
            "assume_role_policy": "{\"Version\":\"2012-10-17\",\"Statement\":[{\"Sid\":\"\",\"Effect\":\"Allow\",\"Principal\":{\"Service\":\"ec2.amazonaws.com\"},\"Action\":\"sts:AssumeRole\"}]}",
            "create_date": "2024-03-11T07:22:43Z",
            "description": "",
            "force_detach_policies": false,
            "id": "capp-ssm-role",
            "inline_policy": [
              {
                "name": "",
                "policy": ""
              }
            ],
            "managed_policy_arns": [
              "arn:aws:iam::789382984861:policy/iampoli-capp-gets3object",
              "arn:aws:iam::789382984861:policy/iampoli-capp-ssm"
            ],
            "max_session_duration": 3600,
            "name": "capp-ssm-role",
            "name_prefix": "",
            "path": "/",
            "permissions_boundary": null,
            "tags": null,
            "tags_all": {},
            "unique_id": "AROA3PSXEOSO57CINKI3O"
          },
          "sensitive_attributes": [],
          "private": "bnVsbA==",
          "dependencies": [
            "aws_iam_policy.iam_policy"
          ]
        }
      ]
    }
  ],
  "check_results": null
}
