{
  "version": 4,
  "terraform_version": "1.5.7",
  "serial": 97,
  "lineage": "b6d75ad5-368e-f0d6-66c8-fa9a910c6d46",
  "outputs": {},
  "resources": [
    {
      "module": "module.s3_bucket[\"capps3-software-backup-store1\"]",
      "mode": "managed",
      "type": "aws_s3_bucket",
      "name": "s3_bucket",
      "provider": "provider[\"registry.terraform.io/hashicorp/aws\"]",
      "instances": [
        {
          "schema_version": 0,
          "attributes": {
            "acceleration_status": "",
            "acl": "private",
            "arn": "arn:aws:s3:::capps3-software-backup-store1",
            "bucket": "capps3-software-backup-store1",
            "bucket_domain_name": "capps3-software-backup-store1.s3.amazonaws.com",
            "bucket_prefix": null,
            "bucket_regional_domain_name": "capps3-software-backup-store1.s3.ap-southeast-1.amazonaws.com",
            "cors_rule": [],
            "force_destroy": false,
            "grant": [],
            "hosted_zone_id": "Z3O0J2DXBE1FTB",
            "id": "capps3-software-backup-store1",
            "lifecycle_rule": [],
            "logging": [],
            "object_lock_configuration": [],
            "policy": "",
            "region": "ap-southeast-1",
            "replication_configuration": [],
            "request_payer": "BucketOwner",
            "server_side_encryption_configuration": [
              {
                "rule": [
                  {
                    "apply_server_side_encryption_by_default": [
                      {
                        "kms_master_key_id": "",
                        "sse_algorithm": "AES256"
                      }
                    ],
                    "bucket_key_enabled": false
                  }
                ]
              }
            ],
            "tags": null,
            "tags_all": {},
            "versioning": [
              {
                "enabled": false,
                "mfa_delete": false
              }
            ],
            "website": [],
            "website_domain": null,
            "website_endpoint": null
          },
          "sensitive_attributes": [],
          "private": "bnVsbA=="
        }
      ]
    },
    {
      "module": "module.s3_bucket[\"capps3-software-backup-store1\"]",
      "mode": "managed",
      "type": "aws_s3_bucket_versioning",
      "name": "s3_versioning",
      "provider": "provider[\"registry.terraform.io/hashicorp/aws\"]",
      "instances": [
        {
          "index_key": 0,
          "schema_version": 0,
          "attributes": {
            "bucket": "capps3-software-backup-store1",
            "expected_bucket_owner": "",
            "id": "capps3-software-backup-store1",
            "mfa": null,
            "versioning_configuration": [
              {
                "mfa_delete": "",
                "status": "Enabled"
              }
            ]
          },
          "sensitive_attributes": [],
          "private": "bnVsbA==",
          "dependencies": [
            "module.s3_bucket.aws_s3_bucket.s3_bucket"
          ]
        }
      ]
    },
    {
      "module": "module.s3_object[\"1\"]",
      "mode": "managed",
      "type": "aws_s3_bucket_object",
      "name": "s3object",
      "provider": "provider[\"registry.terraform.io/hashicorp/aws\"]",
      "instances": [
        {
          "schema_version": 0,
          "attributes": {
            "acl": "private",
            "bucket": "capps3-software-backup-store1",
            "bucket_key_enabled": false,
            "cache_control": "",
            "content": null,
            "content_base64": null,
            "content_disposition": "",
            "content_encoding": "",
            "content_language": "",
            "content_type": "binary/octet-stream",
            "etag": "de90e77229bb22e6b424ddc11b406709",
            "force_destroy": false,
            "id": "mysql-client-cli/mysql-community-client-8.3.0-1.el9.x86_64.rpm",
            "key": "mysql-client-cli/mysql-community-client-8.3.0-1.el9.x86_64.rpm",
            "kms_key_id": null,
            "metadata": null,
            "object_lock_legal_hold_status": "",
            "object_lock_mode": "",
            "object_lock_retain_until_date": "",
            "server_side_encryption": "AES256",
            "source": "../software-setup/mysql-community-client-8.3.0-1.el9.x86_64.rpm",
            "source_hash": null,
            "storage_class": "STANDARD",
            "tags": null,
            "tags_all": {},
            "version_id": "XN0iIJl.GHX9LDfWvAjFcvKk26yFTzH_",
            "website_redirect": ""
          },
          "sensitive_attributes": [],
          "private": "bnVsbA==",
          "dependencies": [
            "module.s3_bucket.aws_s3_bucket.s3_bucket",
            "module.s3_bucket.aws_s3_bucket_versioning.s3_versioning"
          ]
        }
      ]
    },
    {
      "module": "module.s3_object[\"2\"]",
      "mode": "managed",
      "type": "aws_s3_bucket_object",
      "name": "s3object",
      "provider": "provider[\"registry.terraform.io/hashicorp/aws\"]",
      "instances": [
        {
          "schema_version": 0,
          "attributes": {
            "acl": "private",
            "bucket": "capps3-software-backup-store1",
            "bucket_key_enabled": false,
            "cache_control": "",
            "content": null,
            "content_base64": null,
            "content_disposition": "",
            "content_encoding": "",
            "content_language": "",
            "content_type": "binary/octet-stream",
            "etag": "d2accddbb2eb67e0cc94f973ef734e6c",
            "force_destroy": false,
            "id": "mysql-client-cli/mysql-community-client-plugins-8.3.0-1.el9.x86_64.rpm",
            "key": "mysql-client-cli/mysql-community-client-plugins-8.3.0-1.el9.x86_64.rpm",
            "kms_key_id": null,
            "metadata": null,
            "object_lock_legal_hold_status": "",
            "object_lock_mode": "",
            "object_lock_retain_until_date": "",
            "server_side_encryption": "AES256",
            "source": "../software-setup/mysql-community-client-plugins-8.3.0-1.el9.x86_64.rpm",
            "source_hash": null,
            "storage_class": "STANDARD",
            "tags": null,
            "tags_all": {},
            "version_id": "evGsnRY95n.zrOkw4IKDGkvQBABPvtxV",
            "website_redirect": ""
          },
          "sensitive_attributes": [],
          "private": "bnVsbA==",
          "dependencies": [
            "module.s3_bucket.aws_s3_bucket.s3_bucket",
            "module.s3_bucket.aws_s3_bucket_versioning.s3_versioning"
          ]
        }
      ]
    },
    {
      "module": "module.s3_object[\"3\"]",
      "mode": "managed",
      "type": "aws_s3_bucket_object",
      "name": "s3object",
      "provider": "provider[\"registry.terraform.io/hashicorp/aws\"]",
      "instances": [
        {
          "schema_version": 0,
          "attributes": {
            "acl": "private",
            "bucket": "capps3-software-backup-store1",
            "bucket_key_enabled": false,
            "cache_control": "",
            "content": null,
            "content_base64": null,
            "content_disposition": "",
            "content_encoding": "",
            "content_language": "",
            "content_type": "binary/octet-stream",
            "etag": "e57957b1438251f302d445776c9753e8",
            "force_destroy": false,
            "id": "mysql-client-cli/mysql-community-libs-8.3.0-1.el9.x86_64.rpm",
            "key": "mysql-client-cli/mysql-community-libs-8.3.0-1.el9.x86_64.rpm",
            "kms_key_id": null,
            "metadata": null,
            "object_lock_legal_hold_status": "",
            "object_lock_mode": "",
            "object_lock_retain_until_date": "",
            "server_side_encryption": "AES256",
            "source": "../software-setup/mysql-community-libs-8.3.0-1.el9.x86_64.rpm",
            "source_hash": null,
            "storage_class": "STANDARD",
            "tags": null,
            "tags_all": {},
            "version_id": "8d9cWjCc3WdmLZVOP5yvDf7e0lu48X1_",
            "website_redirect": ""
          },
          "sensitive_attributes": [],
          "private": "bnVsbA==",
          "dependencies": [
            "module.s3_bucket.aws_s3_bucket.s3_bucket",
            "module.s3_bucket.aws_s3_bucket_versioning.s3_versioning"
          ]
        }
      ]
    },
    {
      "module": "module.s3_object[\"4\"]",
      "mode": "managed",
      "type": "aws_s3_bucket_object",
      "name": "s3object",
      "provider": "provider[\"registry.terraform.io/hashicorp/aws\"]",
      "instances": [
        {
          "schema_version": 0,
          "attributes": {
            "acl": "private",
            "bucket": "capps3-software-backup-store1",
            "bucket_key_enabled": false,
            "cache_control": "",
            "content": null,
            "content_base64": null,
            "content_disposition": "",
            "content_encoding": "",
            "content_language": "",
            "content_type": "binary/octet-stream",
            "etag": "169da281e10b73e47e47181560fdc914",
            "force_destroy": false,
            "id": "mysql-client-cli/mysql-community-common-8.3.0-1.el9.x86_64.rpm",
            "key": "mysql-client-cli/mysql-community-common-8.3.0-1.el9.x86_64.rpm",
            "kms_key_id": null,
            "metadata": null,
            "object_lock_legal_hold_status": "",
            "object_lock_mode": "",
            "object_lock_retain_until_date": "",
            "server_side_encryption": "AES256",
            "source": "../software-setup/mysql-community-common-8.3.0-1.el9.x86_64.rpm",
            "source_hash": null,
            "storage_class": "STANDARD",
            "tags": null,
            "tags_all": {},
            "version_id": "nX5muDb.BFc1M0eD0TScEIVM5H5pmUC3",
            "website_redirect": ""
          },
          "sensitive_attributes": [],
          "private": "bnVsbA==",
          "dependencies": [
            "module.s3_bucket.aws_s3_bucket.s3_bucket",
            "module.s3_bucket.aws_s3_bucket_versioning.s3_versioning"
          ]
        }
      ]
    }
  ],
  "check_results": null
}
